
Microsoft Visual Studio Solution File, Format Version 12.00
# Visual Studio Version 16
VisualStudioVersion = 16.0.29326.143
MinimumVisualStudioVersion = 10.0.40219.1
Project("{9A19103F-16F7-4668-BE54-9A1E7A4F7556}") = "ProjectService", "src\ProjectService\ProjectService.csproj", "{2E5E4C22-33E4-4553-812D-E32B0DA42A32}"
EndProject
Global
	GlobalSection(SolutionConfigurationPlatforms) = preSolution
		Debug|Any CPU = Debug|Any CPU
		Release|Any CPU = Release|Any CPU
	EndGlobalSection
	GlobalSection(ProjectConfigurationPlatforms) = postSolution
		{2E5E4C22-33E4-4553-812D-E32B0DA42A32}.Debug|Any CPU.ActiveCfg = Debug|Any CPU
		{2E5E4C22-33E4-4553-812D-E32B0DA42A32}.Debug|Any CPU.Build.0 = Debug|Any CPU
		{2E5E4C22-33E4-4553-812D-E32B0DA42A32}.Release|Any CPU.ActiveCfg = Release|Any CPU
		{2E5E4C22-33E4-4553-812D-E32B0DA42A32}.Release|Any CPU.Build.0 = Release|Any CPU
	EndGlobalSection
	GlobalSection(SolutionProperties) = preSolution
		HideSolutionNode = FALSE
	EndGlobalSection
	GlobalSection(ExtensibilityGlobals) = postSolution
		SolutionGuid = {439611D1-CD91-4C8D-B5F8-ACF7A40B8563}
	EndGlobalSection
EndGlobal
